<Solution>
  <Configurations>
    <Platform Name="Any CPU" />
    <Platform Name="x64" />
    <Platform Name="x86" />
  </Configurations>
  <Folder Name="/Ayllu/">
    <File Path=".gitattributes" />
    <File Path=".gitignore" />
    <File Path="DependencyGraph.html" />
    <File Path="dotnet-tools.json" />
    <File Path="global.json" />
    <File Path="LICENSE.md" />
  </Folder>
  <File Path=".gitattributes" />
  <File Path=".gitignore" />
  <Folder Name="/Ayllu/.github/" />
  <Folder Name="/Ayllu/.github/ISSUE_TEMPLATE/">
    <File Path=".github/ISSUE_TEMPLATE/bug.yml" />
    <File Path=".github/ISSUE_TEMPLATE/feature.yml" />
    <File Path=".github/ISSUE_TEMPLATE/featureset.yml" />
  </Folder>
  <Folder Name="/Ayllu/.github/workflows/">
    <File Path=".github/workflows/build.yaml" />
  </Folder>
  <Folder Name="/Ayllu/certs/">
    <File Path="certs/ayllu.pfx" />
  </Folder>
  <Folder Name="/Ayllu/scripts/">
    <File Path="scripts/cert-gen.ps1" />
  </Folder>
  <Folder Name="/Ayllu/src/" />
  <Folder Name="/Ayllu/src/client/">
    <File Path="src/client/Directory.Build.props" />
    <Project Path="src/client/Ayllu.Application/Ayllu.Application.csproj" />
    <Project Path="src/client/Ayllu.Composition/Ayllu.Composition.csproj" />
    <Project Path="src/client/Ayllu.Domain/Ayllu.Domain.csproj" />
    <Project Path="src/client/Ayllu.Infrastructure/Ayllu.Infrastructure.csproj" />
    <Project Path="src/client/Ayllu/Ayllu.csproj">
      <Deploy Solution="Debug|Any CPU" />
    </Project>
  </Folder>
  <Folder Name="/Ayllu/src/sdk/">
    <Project Path="src/sdk/Ayllu.Sdk/Ayllu.Sdk.csproj" />
  </Folder>
  <Folder Name="/Ayllu/src/server/">
    <Project Path="src/server/Ayllu.Application/Ayllu.Application.csproj" />
    <Project Path="src/server/Ayllu.Composition/Ayllu.Composition.csproj" />
    <Project Path="src/server/Ayllu.Domain/Ayllu.Domain.csproj" />
    <Project Path="src/server/Ayllu.Infrastructure/Ayllu.Infrastructure.csproj" />
    <Project Path="src/server/Ayllu/Ayllu.csproj" />
  </Folder>
  <Project Path="docker-compose.dcproj">
    <Platform Project="AnyCPU" />
    <Build />
  </Project>
</Solution>
