
Microsoft Visual Studio Solution File, Format Version 12.00
# Visual Studio Version 17
VisualStudioVersion = 17.0.31903.59
MinimumVisualStudioVersion = 10.0.40219.1
Project("{2150E333-8FDC-42A3-9474-1A3956D46DE8}") = "src", "src", "{827E0CD3-B72D-47B6-A68D-7590B98EB39B}"
EndProject
Project("{FAE04EC0-301F-11D3-BF4B-00C04F79EFBC}") = "Ayllu.Web", "src\Ayllu.Web\Ayllu.Web.csproj", "{29FF4418-8F0E-4496-9DA7-241D5E3683DE}"
EndProject
Project("{2150E333-8FDC-42A3-9474-1A3956D46DE8}") = "Solution Items", "Solution Items", "{8EC462FD-D22E-90A8-E5CE-7E832BA40C5D}"
	ProjectSection(SolutionItems) = preProject
		.github\workflows\build.yaml = .github\workflows\build.yaml
		.github\ISSUE_TEMPLATE\feature.yml = .github\ISSUE_TEMPLATE\feature.yml
		.github\ISSUE_TEMPLATE\featureset.yml = .github\ISSUE_TEMPLATE\featureset.yml
		.github\workflows\link-feature-to-parent.yml = .github\workflows\link-feature-to-parent.yml
	EndProjectSection
EndProject
Project("{FAE04EC0-301F-11D3-BF4B-00C04F79EFBC}") = "Aullu", "src\Aullu\Aullu.csproj", "{3008217C-8515-42C9-98C4-AFF619174438}"
EndProject
Global
	GlobalSection(SolutionConfigurationPlatforms) = preSolution
		Debug|Any CPU = Debug|Any CPU
		Debug|x64 = Debug|x64
		Debug|x86 = Debug|x86
		Release|Any CPU = Release|Any CPU
		Release|x64 = Release|x64
		Release|x86 = Release|x86
	EndGlobalSection
	GlobalSection(ProjectConfigurationPlatforms) = postSolution
		{29FF4418-8F0E-4496-9DA7-241D5E3683DE}.Debug|Any CPU.ActiveCfg = Debug|Any CPU
		{29FF4418-8F0E-4496-9DA7-241D5E3683DE}.Debug|Any CPU.Build.0 = Debug|Any CPU
		{29FF4418-8F0E-4496-9DA7-241D5E3683DE}.Debug|x64.ActiveCfg = Debug|Any CPU
		{29FF4418-8F0E-4496-9DA7-241D5E3683DE}.Debug|x64.Build.0 = Debug|Any CPU
		{29FF4418-8F0E-4496-9DA7-241D5E3683DE}.Debug|x86.ActiveCfg = Debug|Any CPU
		{29FF4418-8F0E-4496-9DA7-241D5E3683DE}.Debug|x86.Build.0 = Debug|Any CPU
		{29FF4418-8F0E-4496-9DA7-241D5E3683DE}.Release|Any CPU.ActiveCfg = Release|Any CPU
		{29FF4418-8F0E-4496-9DA7-241D5E3683DE}.Release|Any CPU.Build.0 = Release|Any CPU
		{29FF4418-8F0E-4496-9DA7-241D5E3683DE}.Release|x64.ActiveCfg = Release|Any CPU
		{29FF4418-8F0E-4496-9DA7-241D5E3683DE}.Release|x64.Build.0 = Release|Any CPU
		{29FF4418-8F0E-4496-9DA7-241D5E3683DE}.Release|x86.ActiveCfg = Release|Any CPU
		{29FF4418-8F0E-4496-9DA7-241D5E3683DE}.Release|x86.Build.0 = Release|Any CPU
		{3008217C-8515-42C9-98C4-AFF619174438}.Debug|Any CPU.ActiveCfg = Debug|Any CPU
		{3008217C-8515-42C9-98C4-AFF619174438}.Debug|Any CPU.Build.0 = Debug|Any CPU
		{3008217C-8515-42C9-98C4-AFF619174438}.Debug|x64.ActiveCfg = Debug|Any CPU
		{3008217C-8515-42C9-98C4-AFF619174438}.Debug|x64.Build.0 = Debug|Any CPU
		{3008217C-8515-42C9-98C4-AFF619174438}.Debug|x86.ActiveCfg = Debug|Any CPU
		{3008217C-8515-42C9-98C4-AFF619174438}.Debug|x86.Build.0 = Debug|Any CPU
		{3008217C-8515-42C9-98C4-AFF619174438}.Release|Any CPU.ActiveCfg = Release|Any CPU
		{3008217C-8515-42C9-98C4-AFF619174438}.Release|Any CPU.Build.0 = Release|Any CPU
		{3008217C-8515-42C9-98C4-AFF619174438}.Release|x64.ActiveCfg = Release|Any CPU
		{3008217C-8515-42C9-98C4-AFF619174438}.Release|x64.Build.0 = Release|Any CPU
		{3008217C-8515-42C9-98C4-AFF619174438}.Release|x86.ActiveCfg = Release|Any CPU
		{3008217C-8515-42C9-98C4-AFF619174438}.Release|x86.Build.0 = Release|Any CPU
	EndGlobalSection
	GlobalSection(SolutionProperties) = preSolution
		HideSolutionNode = FALSE
	EndGlobalSection
	GlobalSection(NestedProjects) = preSolution
		{29FF4418-8F0E-4496-9DA7-241D5E3683DE} = {827E0CD3-B72D-47B6-A68D-7590B98EB39B}
		{3008217C-8515-42C9-98C4-AFF619174438} = {827E0CD3-B72D-47B6-A68D-7590B98EB39B}
	EndGlobalSection
	GlobalSection(ExtensibilityGlobals) = postSolution
		SolutionGuid = {3BD3208E-3881-4936-BA85-8CD446F8E643}
	EndGlobalSection
EndGlobal
