
Microsoft Visual Studio Solution File, Format Version 12.00
# Visual Studio Version 17
VisualStudioVersion = 17.0.31903.59
MinimumVisualStudioVersion = 10.0.40219.1
Project("{2150E333-8FDC-42A3-9474-1A3956D46DE8}") = "src", "src", "{827E0CD3-B72D-47B6-A68D-7590B98EB39B}"
EndProject
Project("{FAE04EC0-301F-11D3-BF4B-00C04F79EFBC}") = "Ayllu.Api", "src\Ayllu.Api\Ayllu.Api.csproj", "{776E4AEA-6B98-4917-824D-B95B40F070DB}"
EndProject
Project("{FAE04EC0-301F-11D3-BF4B-00C04F79EFBC}") = "Ayllu.Web", "src\Ayllu.Web\Ayllu.Web.csproj", "{29FF4418-8F0E-4496-9DA7-241D5E3683DE}"
EndProject
Project("{FAE04EC0-301F-11D3-BF4B-00C04F79EFBC}") = "Ayllu.Application", "src\Ayllu.Application\Ayllu.Application.csproj", "{40F8F3D6-EE5B-4FA8-AB4D-3682D42BBF6A}"
EndProject
Project("{FAE04EC0-301F-11D3-BF4B-00C04F79EFBC}") = "Ayllu.Domain", "src\Ayllu.Domain\Ayllu.Domain.csproj", "{D7A75ADF-A9E1-41F0-9C06-A95473EAAE8C}"
EndProject
Project("{FAE04EC0-301F-11D3-BF4B-00C04F79EFBC}") = "Ayllu.Composition", "src\Ayllu.Composition\Ayllu.Composition.csproj", "{EE396B31-5A18-40D8-92F6-3DB32987CA72}"
EndProject
Project("{FAE04EC0-301F-11D3-BF4B-00C04F79EFBC}") = "Ayllu.Infrastructure", "src\Ayllu.Infrastructure\Ayllu.Infrastructure.csproj", "{4C1BC75E-9D27-4474-B600-4A44F27B3F08}"
EndProject
Project("{E53339B2-1760-4266-BCC7-CA923CBCF16C}") = "docker-compose", "docker-compose.dcproj", "{81DDED9D-158B-E303-5F62-77A2896D2A5A}"
EndProject
Project("{2150E333-8FDC-42A3-9474-1A3956D46DE8}") = "Itens de Solução", "Itens de Solução", "{380A7511-A354-6D7A-0CC0-8FA1F1BA7B6C}"
	ProjectSection(SolutionItems) = preProject
		.github\ISSUE_TEMPLATE\feature.yml = .github\ISSUE_TEMPLATE\feature.yml
		.github\ISSUE_TEMPLATE\featureset.yml = .github\ISSUE_TEMPLATE\featureset.yml
		.github\workflows\link-feature-to-parent.yml = .github\workflows\link-feature-to-parent.yml
	EndProjectSection
EndProject
Global
	GlobalSection(SolutionConfigurationPlatforms) = preSolution
		Debug|Any CPU = Debug|Any CPU
		Debug|x64 = Debug|x64
		Debug|x86 = Debug|x86
		Release|Any CPU = Release|Any CPU
		Release|x64 = Release|x64
		Release|x86 = Release|x86
	EndGlobalSection
	GlobalSection(ProjectConfigurationPlatforms) = postSolution
		{776E4AEA-6B98-4917-824D-B95B40F070DB}.Debug|Any CPU.ActiveCfg = Debug|Any CPU
		{776E4AEA-6B98-4917-824D-B95B40F070DB}.Debug|Any CPU.Build.0 = Debug|Any CPU
		{776E4AEA-6B98-4917-824D-B95B40F070DB}.Debug|x64.ActiveCfg = Debug|Any CPU
		{776E4AEA-6B98-4917-824D-B95B40F070DB}.Debug|x64.Build.0 = Debug|Any CPU
		{776E4AEA-6B98-4917-824D-B95B40F070DB}.Debug|x86.ActiveCfg = Debug|Any CPU
		{776E4AEA-6B98-4917-824D-B95B40F070DB}.Debug|x86.Build.0 = Debug|Any CPU
		{776E4AEA-6B98-4917-824D-B95B40F070DB}.Release|Any CPU.ActiveCfg = Release|Any CPU
		{776E4AEA-6B98-4917-824D-B95B40F070DB}.Release|Any CPU.Build.0 = Release|Any CPU
		{776E4AEA-6B98-4917-824D-B95B40F070DB}.Release|x64.ActiveCfg = Release|Any CPU
		{776E4AEA-6B98-4917-824D-B95B40F070DB}.Release|x64.Build.0 = Release|Any CPU
		{776E4AEA-6B98-4917-824D-B95B40F070DB}.Release|x86.ActiveCfg = Release|Any CPU
		{776E4AEA-6B98-4917-824D-B95B40F070DB}.Release|x86.Build.0 = Release|Any CPU
		{29FF4418-8F0E-4496-9DA7-241D5E3683DE}.Debug|Any CPU.ActiveCfg = Debug|Any CPU
		{29FF4418-8F0E-4496-9DA7-241D5E3683DE}.Debug|Any CPU.Build.0 = Debug|Any CPU
		{29FF4418-8F0E-4496-9DA7-241D5E3683DE}.Debug|x64.ActiveCfg = Debug|Any CPU
		{29FF4418-8F0E-4496-9DA7-241D5E3683DE}.Debug|x64.Build.0 = Debug|Any CPU
		{29FF4418-8F0E-4496-9DA7-241D5E3683DE}.Debug|x86.ActiveCfg = Debug|Any CPU
		{29FF4418-8F0E-4496-9DA7-241D5E3683DE}.Debug|x86.Build.0 = Debug|Any CPU
		{29FF4418-8F0E-4496-9DA7-241D5E3683DE}.Release|Any CPU.ActiveCfg = Release|Any CPU
		{29FF4418-8F0E-4496-9DA7-241D5E3683DE}.Release|Any CPU.Build.0 = Release|Any CPU
		{29FF4418-8F0E-4496-9DA7-241D5E3683DE}.Release|x64.ActiveCfg = Release|Any CPU
		{29FF4418-8F0E-4496-9DA7-241D5E3683DE}.Release|x64.Build.0 = Release|Any CPU
		{29FF4418-8F0E-4496-9DA7-241D5E3683DE}.Release|x86.ActiveCfg = Release|Any CPU
		{29FF4418-8F0E-4496-9DA7-241D5E3683DE}.Release|x86.Build.0 = Release|Any CPU
		{40F8F3D6-EE5B-4FA8-AB4D-3682D42BBF6A}.Debug|Any CPU.ActiveCfg = Debug|Any CPU
		{40F8F3D6-EE5B-4FA8-AB4D-3682D42BBF6A}.Debug|Any CPU.Build.0 = Debug|Any CPU
		{40F8F3D6-EE5B-4FA8-AB4D-3682D42BBF6A}.Debug|x64.ActiveCfg = Debug|Any CPU
		{40F8F3D6-EE5B-4FA8-AB4D-3682D42BBF6A}.Debug|x64.Build.0 = Debug|Any CPU
		{40F8F3D6-EE5B-4FA8-AB4D-3682D42BBF6A}.Debug|x86.ActiveCfg = Debug|Any CPU
		{40F8F3D6-EE5B-4FA8-AB4D-3682D42BBF6A}.Debug|x86.Build.0 = Debug|Any CPU
		{40F8F3D6-EE5B-4FA8-AB4D-3682D42BBF6A}.Release|Any CPU.ActiveCfg = Release|Any CPU
		{40F8F3D6-EE5B-4FA8-AB4D-3682D42BBF6A}.Release|Any CPU.Build.0 = Release|Any CPU
		{40F8F3D6-EE5B-4FA8-AB4D-3682D42BBF6A}.Release|x64.ActiveCfg = Release|Any CPU
		{40F8F3D6-EE5B-4FA8-AB4D-3682D42BBF6A}.Release|x64.Build.0 = Release|Any CPU
		{40F8F3D6-EE5B-4FA8-AB4D-3682D42BBF6A}.Release|x86.ActiveCfg = Release|Any CPU
		{40F8F3D6-EE5B-4FA8-AB4D-3682D42BBF6A}.Release|x86.Build.0 = Release|Any CPU
		{D7A75ADF-A9E1-41F0-9C06-A95473EAAE8C}.Debug|Any CPU.ActiveCfg = Debug|Any CPU
		{D7A75ADF-A9E1-41F0-9C06-A95473EAAE8C}.Debug|Any CPU.Build.0 = Debug|Any CPU
		{D7A75ADF-A9E1-41F0-9C06-A95473EAAE8C}.Debug|x64.ActiveCfg = Debug|Any CPU
		{D7A75ADF-A9E1-41F0-9C06-A95473EAAE8C}.Debug|x64.Build.0 = Debug|Any CPU
		{D7A75ADF-A9E1-41F0-9C06-A95473EAAE8C}.Debug|x86.ActiveCfg = Debug|Any CPU
		{D7A75ADF-A9E1-41F0-9C06-A95473EAAE8C}.Debug|x86.Build.0 = Debug|Any CPU
		{D7A75ADF-A9E1-41F0-9C06-A95473EAAE8C}.Release|Any CPU.ActiveCfg = Release|Any CPU
		{D7A75ADF-A9E1-41F0-9C06-A95473EAAE8C}.Release|Any CPU.Build.0 = Release|Any CPU
		{D7A75ADF-A9E1-41F0-9C06-A95473EAAE8C}.Release|x64.ActiveCfg = Release|Any CPU
		{D7A75ADF-A9E1-41F0-9C06-A95473EAAE8C}.Release|x64.Build.0 = Release|Any CPU
		{D7A75ADF-A9E1-41F0-9C06-A95473EAAE8C}.Release|x86.ActiveCfg = Release|Any CPU
		{D7A75ADF-A9E1-41F0-9C06-A95473EAAE8C}.Release|x86.Build.0 = Release|Any CPU
		{EE396B31-5A18-40D8-92F6-3DB32987CA72}.Debug|Any CPU.ActiveCfg = Debug|Any CPU
		{EE396B31-5A18-40D8-92F6-3DB32987CA72}.Debug|Any CPU.Build.0 = Debug|Any CPU
		{EE396B31-5A18-40D8-92F6-3DB32987CA72}.Debug|x64.ActiveCfg = Debug|Any CPU
		{EE396B31-5A18-40D8-92F6-3DB32987CA72}.Debug|x64.Build.0 = Debug|Any CPU
		{EE396B31-5A18-40D8-92F6-3DB32987CA72}.Debug|x86.ActiveCfg = Debug|Any CPU
		{EE396B31-5A18-40D8-92F6-3DB32987CA72}.Debug|x86.Build.0 = Debug|Any CPU
		{EE396B31-5A18-40D8-92F6-3DB32987CA72}.Release|Any CPU.ActiveCfg = Release|Any CPU
		{EE396B31-5A18-40D8-92F6-3DB32987CA72}.Release|Any CPU.Build.0 = Release|Any CPU
		{EE396B31-5A18-40D8-92F6-3DB32987CA72}.Release|x64.ActiveCfg = Release|Any CPU
		{EE396B31-5A18-40D8-92F6-3DB32987CA72}.Release|x64.Build.0 = Release|Any CPU
		{EE396B31-5A18-40D8-92F6-3DB32987CA72}.Release|x86.ActiveCfg = Release|Any CPU
		{EE396B31-5A18-40D8-92F6-3DB32987CA72}.Release|x86.Build.0 = Release|Any CPU
		{4C1BC75E-9D27-4474-B600-4A44F27B3F08}.Debug|Any CPU.ActiveCfg = Debug|Any CPU
		{4C1BC75E-9D27-4474-B600-4A44F27B3F08}.Debug|Any CPU.Build.0 = Debug|Any CPU
		{4C1BC75E-9D27-4474-B600-4A44F27B3F08}.Debug|x64.ActiveCfg = Debug|Any CPU
		{4C1BC75E-9D27-4474-B600-4A44F27B3F08}.Debug|x64.Build.0 = Debug|Any CPU
		{4C1BC75E-9D27-4474-B600-4A44F27B3F08}.Debug|x86.ActiveCfg = Debug|Any CPU
		{4C1BC75E-9D27-4474-B600-4A44F27B3F08}.Debug|x86.Build.0 = Debug|Any CPU
		{4C1BC75E-9D27-4474-B600-4A44F27B3F08}.Release|Any CPU.ActiveCfg = Release|Any CPU
		{4C1BC75E-9D27-4474-B600-4A44F27B3F08}.Release|Any CPU.Build.0 = Release|Any CPU
		{4C1BC75E-9D27-4474-B600-4A44F27B3F08}.Release|x64.ActiveCfg = Release|Any CPU
		{4C1BC75E-9D27-4474-B600-4A44F27B3F08}.Release|x64.Build.0 = Release|Any CPU
		{4C1BC75E-9D27-4474-B600-4A44F27B3F08}.Release|x86.ActiveCfg = Release|Any CPU
		{4C1BC75E-9D27-4474-B600-4A44F27B3F08}.Release|x86.Build.0 = Release|Any CPU
		{81DDED9D-158B-E303-5F62-77A2896D2A5A}.Debug|Any CPU.ActiveCfg = Debug|Any CPU
		{81DDED9D-158B-E303-5F62-77A2896D2A5A}.Debug|Any CPU.Build.0 = Debug|Any CPU
		{81DDED9D-158B-E303-5F62-77A2896D2A5A}.Debug|x64.ActiveCfg = Debug|Any CPU
		{81DDED9D-158B-E303-5F62-77A2896D2A5A}.Debug|x64.Build.0 = Debug|Any CPU
		{81DDED9D-158B-E303-5F62-77A2896D2A5A}.Debug|x86.ActiveCfg = Debug|Any CPU
		{81DDED9D-158B-E303-5F62-77A2896D2A5A}.Debug|x86.Build.0 = Debug|Any CPU
		{81DDED9D-158B-E303-5F62-77A2896D2A5A}.Release|Any CPU.ActiveCfg = Release|Any CPU
		{81DDED9D-158B-E303-5F62-77A2896D2A5A}.Release|Any CPU.Build.0 = Release|Any CPU
		{81DDED9D-158B-E303-5F62-77A2896D2A5A}.Release|x64.ActiveCfg = Release|Any CPU
		{81DDED9D-158B-E303-5F62-77A2896D2A5A}.Release|x64.Build.0 = Release|Any CPU
		{81DDED9D-158B-E303-5F62-77A2896D2A5A}.Release|x86.ActiveCfg = Release|Any CPU
		{81DDED9D-158B-E303-5F62-77A2896D2A5A}.Release|x86.Build.0 = Release|Any CPU
	EndGlobalSection
	GlobalSection(SolutionProperties) = preSolution
		HideSolutionNode = FALSE
	EndGlobalSection
	GlobalSection(NestedProjects) = preSolution
		{776E4AEA-6B98-4917-824D-B95B40F070DB} = {827E0CD3-B72D-47B6-A68D-7590B98EB39B}
		{29FF4418-8F0E-4496-9DA7-241D5E3683DE} = {827E0CD3-B72D-47B6-A68D-7590B98EB39B}
		{40F8F3D6-EE5B-4FA8-AB4D-3682D42BBF6A} = {827E0CD3-B72D-47B6-A68D-7590B98EB39B}
		{D7A75ADF-A9E1-41F0-9C06-A95473EAAE8C} = {827E0CD3-B72D-47B6-A68D-7590B98EB39B}
		{EE396B31-5A18-40D8-92F6-3DB32987CA72} = {827E0CD3-B72D-47B6-A68D-7590B98EB39B}
		{4C1BC75E-9D27-4474-B600-4A44F27B3F08} = {827E0CD3-B72D-47B6-A68D-7590B98EB39B}
	EndGlobalSection
	GlobalSection(ExtensibilityGlobals) = postSolution
		SolutionGuid = {3BD3208E-3881-4936-BA85-8CD446F8E643}
	EndGlobalSection
EndGlobal
